
Microsoft Visual Studio Solution File, Format Version 11.00
# Visual Studio 2010
Project("{FAE04EC0-301F-11D3-BF4B-00C04F79EFBC}") = "UtilitySample", "UtilitySample\UtilitySample.csproj", "{FE288A7F-7080-4D6C-A6D2-79F5647B02D6}"
EndProject
Project("{FAE04EC0-301F-11D3-BF4B-00C04F79EFBC}") = "Master-DetailSample", "Master-DetailSample\Master-DetailSample.csproj", "{73C3CD96-57F9-4993-8781-BF21F703A9E1}"
EndProject
Project("{FAE04EC0-301F-11D3-BF4B-00C04F79EFBC}") = "SingleViewSample", "SingleViewSample\SingleViewSample.csproj", "{28974C97-5F59-4B18-B115-B0C809DDB466}"
EndProject
Project("{FAE04EC0-301F-11D3-BF4B-00C04F79EFBC}") = "TabbedSample", "TabbedSample\TabbedSample.csproj", "{E9029A4E-8215-4456-A840-EAF9DA9AE855}"
EndProject
Project("{FAE04EC0-301F-11D3-BF4B-00C04F79EFBC}") = "OpenGLSample", "OpenGLSample\OpenGLSample.csproj", "{54D11B17-2B7E-40EF-96CE-D404C7672C5A}"
EndProject
Project("{FAE04EC0-301F-11D3-BF4B-00C04F79EFBC}") = "ImageFromBytes", "ImageFromBytes\ImageFromBytes.csproj", "{DAAAAEEA-2FA9-4962-A38B-0E2AE20C8C16}"
EndProject
Project("{FAE04EC0-301F-11D3-BF4B-00C04F79EFBC}") = "Resizing", "Resizing\Resizing.csproj", "{6E7C97C6-56C5-4BCC-A78A-713A1DECC878}"
EndProject
Project("{FAE04EC0-301F-11D3-BF4B-00C04F79EFBC}") = "PhotoPicker", "PhotoPicker\PhotoPicker.csproj", "{CFDD49BB-0408-468D-88EE-748AD2A59028}"
EndProject
Project("{FAE04EC0-301F-11D3-BF4B-00C04F79EFBC}") = "FilterToy", "FilterToy\FilterToy.csproj", "{27B819DB-CD22-4294-8247-E68DD71413F9}"
EndProject
Project("{FAE04EC0-301F-11D3-BF4B-00C04F79EFBC}") = "OpenGLToy", "OpenGLToy\OpenGLToy.csproj", "{5817668A-953C-4D45-9B08-E0BA26CB5D30}"
EndProject
Project("{FAE04EC0-301F-11D3-BF4B-00C04F79EFBC}") = "Scroller", "Scroller\Scroller.csproj", "{06B751A6-CF6A-4CEB-AD31-83C1D3E248DC}"
EndProject
Project("{FAE04EC0-301F-11D3-BF4B-00C04F79EFBC}") = "Guesstures", "Guesstures\Guesstures.csproj", "{62CCC86E-A51C-47DC-9A25-219E5ACE2631}"
EndProject
Project("{FAE04EC0-301F-11D3-BF4B-00C04F79EFBC}") = "TextToy", "TextToy\TextToy.csproj", "{8FB73087-169F-4DD6-9854-C756B596F6B0}"
EndProject
Project("{FAE04EC0-301F-11D3-BF4B-00C04F79EFBC}") = "FramesAndBounds", "FramesAndBounds\FramesAndBounds.csproj", "{5A70D427-8BF4-4818-B1B7-48C09D3B939B}"
EndProject
Project("{FAE04EC0-301F-11D3-BF4B-00C04F79EFBC}") = "Scroller2", "Scroller2\Scroller2.csproj", "{D2A26363-BAF4-4EC4-823F-2C3674010A70}"
EndProject
Project("{FAE04EC0-301F-11D3-BF4B-00C04F79EFBC}") = "GLK1", "GLK1\GLK1.csproj", "{E75CDAFC-135E-40B8-A38A-84FBC518951D}"
EndProject
Project("{FAE04EC0-301F-11D3-BF4B-00C04F79EFBC}") = "Bugs", "Bugs\Bugs.csproj", "{5F65A3C4-469E-4494-9E45-F68FDDA00352}"
EndProject
Project("{FAE04EC0-301F-11D3-BF4B-00C04F79EFBC}") = "NoXib", "NoXib\NoXib.csproj", "{9579A6E1-6586-4AAE-818B-EE56F29A0B92}"
EndProject
Project("{FAE04EC0-301F-11D3-BF4B-00C04F79EFBC}") = "CustomTableView", "CustomTableView\CustomTableView.csproj", "{E088A689-D42B-4D1B-B308-6DF4CE962B1E}"
EndProject
Project("{FAE04EC0-301F-11D3-BF4B-00C04F79EFBC}") = "Appearance", "Appearance\Appearance.csproj", "{1690CB5D-6B10-47A5-8E8C-20CC8BD841F3}"
EndProject
Project("{FAE04EC0-301F-11D3-BF4B-00C04F79EFBC}") = "Storyboard", "Storyboard\Storyboard.csproj", "{6DF0DE4B-42BB-4D05-8555-89C0DF2BFF48}"
EndProject
Project("{FAE04EC0-301F-11D3-BF4B-00C04F79EFBC}") = "DetailStoryboardSample", "DetailStoryboardSample\DetailStoryboardSample.csproj", "{458A2666-5FC6-4055-AC40-B710FCE4DEF4}"
EndProject
Global
	GlobalSection(SolutionConfigurationPlatforms) = preSolution
		Debug|iPhoneSimulator = Debug|iPhoneSimulator
		Release|iPhoneSimulator = Release|iPhoneSimulator
		Debug|iPhone = Debug|iPhone
		Release|iPhone = Release|iPhone
		Ad-Hoc|iPhone = Ad-Hoc|iPhone
		AppStore|iPhone = AppStore|iPhone
	EndGlobalSection
	GlobalSection(ProjectConfigurationPlatforms) = postSolution
		{06B751A6-CF6A-4CEB-AD31-83C1D3E248DC}.Ad-Hoc|iPhone.ActiveCfg = Ad-Hoc|iPhone
		{06B751A6-CF6A-4CEB-AD31-83C1D3E248DC}.Ad-Hoc|iPhone.Build.0 = Ad-Hoc|iPhone
		{06B751A6-CF6A-4CEB-AD31-83C1D3E248DC}.AppStore|iPhone.ActiveCfg = AppStore|iPhone
		{06B751A6-CF6A-4CEB-AD31-83C1D3E248DC}.AppStore|iPhone.Build.0 = AppStore|iPhone
		{06B751A6-CF6A-4CEB-AD31-83C1D3E248DC}.Debug|iPhone.ActiveCfg = Debug|iPhone
		{06B751A6-CF6A-4CEB-AD31-83C1D3E248DC}.Debug|iPhone.Build.0 = Debug|iPhone
		{06B751A6-CF6A-4CEB-AD31-83C1D3E248DC}.Debug|iPhoneSimulator.ActiveCfg = Debug|iPhoneSimulator
		{06B751A6-CF6A-4CEB-AD31-83C1D3E248DC}.Debug|iPhoneSimulator.Build.0 = Debug|iPhoneSimulator
		{06B751A6-CF6A-4CEB-AD31-83C1D3E248DC}.Release|iPhone.ActiveCfg = Release|iPhone
		{06B751A6-CF6A-4CEB-AD31-83C1D3E248DC}.Release|iPhone.Build.0 = Release|iPhone
		{06B751A6-CF6A-4CEB-AD31-83C1D3E248DC}.Release|iPhoneSimulator.ActiveCfg = Release|iPhoneSimulator
		{06B751A6-CF6A-4CEB-AD31-83C1D3E248DC}.Release|iPhoneSimulator.Build.0 = Release|iPhoneSimulator
		{1690CB5D-6B10-47A5-8E8C-20CC8BD841F3}.Ad-Hoc|iPhone.ActiveCfg = Ad-Hoc|iPhone
		{1690CB5D-6B10-47A5-8E8C-20CC8BD841F3}.Ad-Hoc|iPhone.Build.0 = Ad-Hoc|iPhone
		{1690CB5D-6B10-47A5-8E8C-20CC8BD841F3}.AppStore|iPhone.ActiveCfg = AppStore|iPhone
		{1690CB5D-6B10-47A5-8E8C-20CC8BD841F3}.AppStore|iPhone.Build.0 = AppStore|iPhone
		{1690CB5D-6B10-47A5-8E8C-20CC8BD841F3}.Debug|iPhone.ActiveCfg = Debug|iPhone
		{1690CB5D-6B10-47A5-8E8C-20CC8BD841F3}.Debug|iPhone.Build.0 = Debug|iPhone
		{1690CB5D-6B10-47A5-8E8C-20CC8BD841F3}.Debug|iPhoneSimulator.ActiveCfg = Debug|iPhoneSimulator
		{1690CB5D-6B10-47A5-8E8C-20CC8BD841F3}.Debug|iPhoneSimulator.Build.0 = Debug|iPhoneSimulator
		{1690CB5D-6B10-47A5-8E8C-20CC8BD841F3}.Release|iPhone.ActiveCfg = Release|iPhone
		{1690CB5D-6B10-47A5-8E8C-20CC8BD841F3}.Release|iPhone.Build.0 = Release|iPhone
		{1690CB5D-6B10-47A5-8E8C-20CC8BD841F3}.Release|iPhoneSimulator.ActiveCfg = Release|iPhoneSimulator
		{1690CB5D-6B10-47A5-8E8C-20CC8BD841F3}.Release|iPhoneSimulator.Build.0 = Release|iPhoneSimulator
		{27B819DB-CD22-4294-8247-E68DD71413F9}.Ad-Hoc|iPhone.ActiveCfg = Ad-Hoc|iPhone
		{27B819DB-CD22-4294-8247-E68DD71413F9}.Ad-Hoc|iPhone.Build.0 = Ad-Hoc|iPhone
		{27B819DB-CD22-4294-8247-E68DD71413F9}.AppStore|iPhone.ActiveCfg = AppStore|iPhone
		{27B819DB-CD22-4294-8247-E68DD71413F9}.AppStore|iPhone.Build.0 = AppStore|iPhone
		{27B819DB-CD22-4294-8247-E68DD71413F9}.Debug|iPhone.ActiveCfg = Debug|iPhone
		{27B819DB-CD22-4294-8247-E68DD71413F9}.Debug|iPhone.Build.0 = Debug|iPhone
		{27B819DB-CD22-4294-8247-E68DD71413F9}.Debug|iPhoneSimulator.ActiveCfg = Debug|iPhoneSimulator
		{27B819DB-CD22-4294-8247-E68DD71413F9}.Debug|iPhoneSimulator.Build.0 = Debug|iPhoneSimulator
		{27B819DB-CD22-4294-8247-E68DD71413F9}.Release|iPhone.ActiveCfg = Release|iPhone
		{27B819DB-CD22-4294-8247-E68DD71413F9}.Release|iPhone.Build.0 = Release|iPhone
		{27B819DB-CD22-4294-8247-E68DD71413F9}.Release|iPhoneSimulator.ActiveCfg = Release|iPhoneSimulator
		{27B819DB-CD22-4294-8247-E68DD71413F9}.Release|iPhoneSimulator.Build.0 = Release|iPhoneSimulator
		{28974C97-5F59-4B18-B115-B0C809DDB466}.Debug|iPhone.ActiveCfg = Debug|iPhone
		{28974C97-5F59-4B18-B115-B0C809DDB466}.Debug|iPhone.Build.0 = Debug|iPhone
		{28974C97-5F59-4B18-B115-B0C809DDB466}.Debug|iPhoneSimulator.ActiveCfg = Debug|iPhoneSimulator
		{28974C97-5F59-4B18-B115-B0C809DDB466}.Debug|iPhoneSimulator.Build.0 = Debug|iPhoneSimulator
		{28974C97-5F59-4B18-B115-B0C809DDB466}.Release|iPhone.ActiveCfg = Release|iPhone
		{28974C97-5F59-4B18-B115-B0C809DDB466}.Release|iPhone.Build.0 = Release|iPhone
		{28974C97-5F59-4B18-B115-B0C809DDB466}.Release|iPhoneSimulator.ActiveCfg = Release|iPhoneSimulator
		{28974C97-5F59-4B18-B115-B0C809DDB466}.Release|iPhoneSimulator.Build.0 = Release|iPhoneSimulator
		{458A2666-5FC6-4055-AC40-B710FCE4DEF4}.Ad-Hoc|iPhone.ActiveCfg = Ad-Hoc|iPhone
		{458A2666-5FC6-4055-AC40-B710FCE4DEF4}.Ad-Hoc|iPhone.Build.0 = Ad-Hoc|iPhone
		{458A2666-5FC6-4055-AC40-B710FCE4DEF4}.AppStore|iPhone.ActiveCfg = AppStore|iPhone
		{458A2666-5FC6-4055-AC40-B710FCE4DEF4}.AppStore|iPhone.Build.0 = AppStore|iPhone
		{458A2666-5FC6-4055-AC40-B710FCE4DEF4}.Debug|iPhone.ActiveCfg = Debug|iPhone
		{458A2666-5FC6-4055-AC40-B710FCE4DEF4}.Debug|iPhone.Build.0 = Debug|iPhone
		{458A2666-5FC6-4055-AC40-B710FCE4DEF4}.Debug|iPhoneSimulator.ActiveCfg = Debug|iPhoneSimulator
		{458A2666-5FC6-4055-AC40-B710FCE4DEF4}.Debug|iPhoneSimulator.Build.0 = Debug|iPhoneSimulator
		{458A2666-5FC6-4055-AC40-B710FCE4DEF4}.Release|iPhone.ActiveCfg = Release|iPhone
		{458A2666-5FC6-4055-AC40-B710FCE4DEF4}.Release|iPhone.Build.0 = Release|iPhone
		{458A2666-5FC6-4055-AC40-B710FCE4DEF4}.Release|iPhoneSimulator.ActiveCfg = Release|iPhoneSimulator
		{458A2666-5FC6-4055-AC40-B710FCE4DEF4}.Release|iPhoneSimulator.Build.0 = Release|iPhoneSimulator
		{54D11B17-2B7E-40EF-96CE-D404C7672C5A}.Debug|iPhone.ActiveCfg = Debug|iPhone
		{54D11B17-2B7E-40EF-96CE-D404C7672C5A}.Debug|iPhone.Build.0 = Debug|iPhone
		{54D11B17-2B7E-40EF-96CE-D404C7672C5A}.Debug|iPhoneSimulator.ActiveCfg = Debug|iPhoneSimulator
		{54D11B17-2B7E-40EF-96CE-D404C7672C5A}.Debug|iPhoneSimulator.Build.0 = Debug|iPhoneSimulator
		{54D11B17-2B7E-40EF-96CE-D404C7672C5A}.Release|iPhone.ActiveCfg = Release|iPhone
		{54D11B17-2B7E-40EF-96CE-D404C7672C5A}.Release|iPhone.Build.0 = Release|iPhone
		{54D11B17-2B7E-40EF-96CE-D404C7672C5A}.Release|iPhoneSimulator.ActiveCfg = Release|iPhoneSimulator
		{54D11B17-2B7E-40EF-96CE-D404C7672C5A}.Release|iPhoneSimulator.Build.0 = Release|iPhoneSimulator
		{5817668A-953C-4D45-9B08-E0BA26CB5D30}.Ad-Hoc|iPhone.ActiveCfg = Ad-Hoc|iPhone
		{5817668A-953C-4D45-9B08-E0BA26CB5D30}.Ad-Hoc|iPhone.Build.0 = Ad-Hoc|iPhone
		{5817668A-953C-4D45-9B08-E0BA26CB5D30}.AppStore|iPhone.ActiveCfg = AppStore|iPhone
		{5817668A-953C-4D45-9B08-E0BA26CB5D30}.AppStore|iPhone.Build.0 = AppStore|iPhone
		{5817668A-953C-4D45-9B08-E0BA26CB5D30}.Debug|iPhone.ActiveCfg = Debug|iPhone
		{5817668A-953C-4D45-9B08-E0BA26CB5D30}.Debug|iPhone.Build.0 = Debug|iPhone
		{5817668A-953C-4D45-9B08-E0BA26CB5D30}.Debug|iPhoneSimulator.ActiveCfg = Debug|iPhoneSimulator
		{5817668A-953C-4D45-9B08-E0BA26CB5D30}.Debug|iPhoneSimulator.Build.0 = Debug|iPhoneSimulator
		{5817668A-953C-4D45-9B08-E0BA26CB5D30}.Release|iPhone.ActiveCfg = Release|iPhone
		{5817668A-953C-4D45-9B08-E0BA26CB5D30}.Release|iPhone.Build.0 = Release|iPhone
		{5817668A-953C-4D45-9B08-E0BA26CB5D30}.Release|iPhoneSimulator.ActiveCfg = Release|iPhoneSimulator
		{5817668A-953C-4D45-9B08-E0BA26CB5D30}.Release|iPhoneSimulator.Build.0 = Release|iPhoneSimulator
		{5A70D427-8BF4-4818-B1B7-48C09D3B939B}.Ad-Hoc|iPhone.ActiveCfg = Ad-Hoc|iPhone
		{5A70D427-8BF4-4818-B1B7-48C09D3B939B}.Ad-Hoc|iPhone.Build.0 = Ad-Hoc|iPhone
		{5A70D427-8BF4-4818-B1B7-48C09D3B939B}.AppStore|iPhone.ActiveCfg = AppStore|iPhone
		{5A70D427-8BF4-4818-B1B7-48C09D3B939B}.AppStore|iPhone.Build.0 = AppStore|iPhone
		{5A70D427-8BF4-4818-B1B7-48C09D3B939B}.Debug|iPhone.ActiveCfg = Debug|iPhone
		{5A70D427-8BF4-4818-B1B7-48C09D3B939B}.Debug|iPhone.Build.0 = Debug|iPhone
		{5A70D427-8BF4-4818-B1B7-48C09D3B939B}.Debug|iPhoneSimulator.ActiveCfg = Debug|iPhoneSimulator
		{5A70D427-8BF4-4818-B1B7-48C09D3B939B}.Debug|iPhoneSimulator.Build.0 = Debug|iPhoneSimulator
		{5A70D427-8BF4-4818-B1B7-48C09D3B939B}.Release|iPhone.ActiveCfg = Release|iPhone
		{5A70D427-8BF4-4818-B1B7-48C09D3B939B}.Release|iPhone.Build.0 = Release|iPhone
		{5A70D427-8BF4-4818-B1B7-48C09D3B939B}.Release|iPhoneSimulator.ActiveCfg = Release|iPhoneSimulator
		{5A70D427-8BF4-4818-B1B7-48C09D3B939B}.Release|iPhoneSimulator.Build.0 = Release|iPhoneSimulator
		{5F65A3C4-469E-4494-9E45-F68FDDA00352}.Ad-Hoc|iPhone.ActiveCfg = Ad-Hoc|iPhone
		{5F65A3C4-469E-4494-9E45-F68FDDA00352}.Ad-Hoc|iPhone.Build.0 = Ad-Hoc|iPhone
		{5F65A3C4-469E-4494-9E45-F68FDDA00352}.AppStore|iPhone.ActiveCfg = AppStore|iPhone
		{5F65A3C4-469E-4494-9E45-F68FDDA00352}.AppStore|iPhone.Build.0 = AppStore|iPhone
		{5F65A3C4-469E-4494-9E45-F68FDDA00352}.Debug|iPhone.ActiveCfg = Debug|iPhone
		{5F65A3C4-469E-4494-9E45-F68FDDA00352}.Debug|iPhone.Build.0 = Debug|iPhone
		{5F65A3C4-469E-4494-9E45-F68FDDA00352}.Debug|iPhoneSimulator.ActiveCfg = Debug|iPhoneSimulator
		{5F65A3C4-469E-4494-9E45-F68FDDA00352}.Debug|iPhoneSimulator.Build.0 = Debug|iPhoneSimulator
		{5F65A3C4-469E-4494-9E45-F68FDDA00352}.Release|iPhone.ActiveCfg = Release|iPhone
		{5F65A3C4-469E-4494-9E45-F68FDDA00352}.Release|iPhone.Build.0 = Release|iPhone
		{5F65A3C4-469E-4494-9E45-F68FDDA00352}.Release|iPhoneSimulator.ActiveCfg = Release|iPhoneSimulator
		{5F65A3C4-469E-4494-9E45-F68FDDA00352}.Release|iPhoneSimulator.Build.0 = Release|iPhoneSimulator
		{62CCC86E-A51C-47DC-9A25-219E5ACE2631}.Ad-Hoc|iPhone.ActiveCfg = Ad-Hoc|iPhone
		{62CCC86E-A51C-47DC-9A25-219E5ACE2631}.Ad-Hoc|iPhone.Build.0 = Ad-Hoc|iPhone
		{62CCC86E-A51C-47DC-9A25-219E5ACE2631}.AppStore|iPhone.ActiveCfg = AppStore|iPhone
		{62CCC86E-A51C-47DC-9A25-219E5ACE2631}.AppStore|iPhone.Build.0 = AppStore|iPhone
		{62CCC86E-A51C-47DC-9A25-219E5ACE2631}.Debug|iPhone.ActiveCfg = Debug|iPhone
		{62CCC86E-A51C-47DC-9A25-219E5ACE2631}.Debug|iPhone.Build.0 = Debug|iPhone
		{62CCC86E-A51C-47DC-9A25-219E5ACE2631}.Debug|iPhoneSimulator.ActiveCfg = Debug|iPhoneSimulator
		{62CCC86E-A51C-47DC-9A25-219E5ACE2631}.Debug|iPhoneSimulator.Build.0 = Debug|iPhoneSimulator
		{62CCC86E-A51C-47DC-9A25-219E5ACE2631}.Release|iPhone.ActiveCfg = Release|iPhone
		{62CCC86E-A51C-47DC-9A25-219E5ACE2631}.Release|iPhone.Build.0 = Release|iPhone
		{62CCC86E-A51C-47DC-9A25-219E5ACE2631}.Release|iPhoneSimulator.ActiveCfg = Release|iPhoneSimulator
		{62CCC86E-A51C-47DC-9A25-219E5ACE2631}.Release|iPhoneSimulator.Build.0 = Release|iPhoneSimulator
		{6DF0DE4B-42BB-4D05-8555-89C0DF2BFF48}.Ad-Hoc|iPhone.ActiveCfg = Ad-Hoc|iPhone
		{6DF0DE4B-42BB-4D05-8555-89C0DF2BFF48}.Ad-Hoc|iPhone.Build.0 = Ad-Hoc|iPhone
		{6DF0DE4B-42BB-4D05-8555-89C0DF2BFF48}.AppStore|iPhone.ActiveCfg = AppStore|iPhone
		{6DF0DE4B-42BB-4D05-8555-89C0DF2BFF48}.AppStore|iPhone.Build.0 = AppStore|iPhone
		{6DF0DE4B-42BB-4D05-8555-89C0DF2BFF48}.Debug|iPhone.ActiveCfg = Debug|iPhone
		{6DF0DE4B-42BB-4D05-8555-89C0DF2BFF48}.Debug|iPhone.Build.0 = Debug|iPhone
		{6DF0DE4B-42BB-4D05-8555-89C0DF2BFF48}.Debug|iPhoneSimulator.ActiveCfg = Debug|iPhoneSimulator
		{6DF0DE4B-42BB-4D05-8555-89C0DF2BFF48}.Debug|iPhoneSimulator.Build.0 = Debug|iPhoneSimulator
		{6DF0DE4B-42BB-4D05-8555-89C0DF2BFF48}.Release|iPhone.ActiveCfg = Release|iPhone
		{6DF0DE4B-42BB-4D05-8555-89C0DF2BFF48}.Release|iPhone.Build.0 = Release|iPhone
		{6DF0DE4B-42BB-4D05-8555-89C0DF2BFF48}.Release|iPhoneSimulator.ActiveCfg = Release|iPhoneSimulator
		{6DF0DE4B-42BB-4D05-8555-89C0DF2BFF48}.Release|iPhoneSimulator.Build.0 = Release|iPhoneSimulator
		{6E7C97C6-56C5-4BCC-A78A-713A1DECC878}.Ad-Hoc|iPhone.ActiveCfg = Ad-Hoc|iPhone
		{6E7C97C6-56C5-4BCC-A78A-713A1DECC878}.Ad-Hoc|iPhone.Build.0 = Ad-Hoc|iPhone
		{6E7C97C6-56C5-4BCC-A78A-713A1DECC878}.AppStore|iPhone.ActiveCfg = AppStore|iPhone
		{6E7C97C6-56C5-4BCC-A78A-713A1DECC878}.AppStore|iPhone.Build.0 = AppStore|iPhone
		{6E7C97C6-56C5-4BCC-A78A-713A1DECC878}.Debug|iPhone.ActiveCfg = Debug|iPhone
		{6E7C97C6-56C5-4BCC-A78A-713A1DECC878}.Debug|iPhone.Build.0 = Debug|iPhone
		{6E7C97C6-56C5-4BCC-A78A-713A1DECC878}.Debug|iPhoneSimulator.ActiveCfg = Debug|iPhoneSimulator
		{6E7C97C6-56C5-4BCC-A78A-713A1DECC878}.Debug|iPhoneSimulator.Build.0 = Debug|iPhoneSimulator
		{6E7C97C6-56C5-4BCC-A78A-713A1DECC878}.Release|iPhone.ActiveCfg = Release|iPhone
		{6E7C97C6-56C5-4BCC-A78A-713A1DECC878}.Release|iPhone.Build.0 = Release|iPhone
		{6E7C97C6-56C5-4BCC-A78A-713A1DECC878}.Release|iPhoneSimulator.ActiveCfg = Release|iPhoneSimulator
		{6E7C97C6-56C5-4BCC-A78A-713A1DECC878}.Release|iPhoneSimulator.Build.0 = Release|iPhoneSimulator
		{73C3CD96-57F9-4993-8781-BF21F703A9E1}.Debug|iPhone.ActiveCfg = Debug|iPhone
		{73C3CD96-57F9-4993-8781-BF21F703A9E1}.Debug|iPhone.Build.0 = Debug|iPhone
		{73C3CD96-57F9-4993-8781-BF21F703A9E1}.Debug|iPhoneSimulator.ActiveCfg = Debug|iPhoneSimulator
		{73C3CD96-57F9-4993-8781-BF21F703A9E1}.Debug|iPhoneSimulator.Build.0 = Debug|iPhoneSimulator
		{73C3CD96-57F9-4993-8781-BF21F703A9E1}.Release|iPhone.ActiveCfg = Release|iPhone
		{73C3CD96-57F9-4993-8781-BF21F703A9E1}.Release|iPhone.Build.0 = Release|iPhone
		{73C3CD96-57F9-4993-8781-BF21F703A9E1}.Release|iPhoneSimulator.ActiveCfg = Release|iPhoneSimulator
		{73C3CD96-57F9-4993-8781-BF21F703A9E1}.Release|iPhoneSimulator.Build.0 = Release|iPhoneSimulator
		{8FB73087-169F-4DD6-9854-C756B596F6B0}.Ad-Hoc|iPhone.ActiveCfg = Ad-Hoc|iPhone
		{8FB73087-169F-4DD6-9854-C756B596F6B0}.Ad-Hoc|iPhone.Build.0 = Ad-Hoc|iPhone
		{8FB73087-169F-4DD6-9854-C756B596F6B0}.AppStore|iPhone.ActiveCfg = AppStore|iPhone
		{8FB73087-169F-4DD6-9854-C756B596F6B0}.AppStore|iPhone.Build.0 = AppStore|iPhone
		{8FB73087-169F-4DD6-9854-C756B596F6B0}.Debug|iPhone.ActiveCfg = Debug|iPhone
		{8FB73087-169F-4DD6-9854-C756B596F6B0}.Debug|iPhone.Build.0 = Debug|iPhone
		{8FB73087-169F-4DD6-9854-C756B596F6B0}.Debug|iPhoneSimulator.ActiveCfg = Debug|iPhoneSimulator
		{8FB73087-169F-4DD6-9854-C756B596F6B0}.Debug|iPhoneSimulator.Build.0 = Debug|iPhoneSimulator
		{8FB73087-169F-4DD6-9854-C756B596F6B0}.Release|iPhone.ActiveCfg = Release|iPhone
		{8FB73087-169F-4DD6-9854-C756B596F6B0}.Release|iPhone.Build.0 = Release|iPhone
		{8FB73087-169F-4DD6-9854-C756B596F6B0}.Release|iPhoneSimulator.ActiveCfg = Release|iPhoneSimulator
		{8FB73087-169F-4DD6-9854-C756B596F6B0}.Release|iPhoneSimulator.Build.0 = Release|iPhoneSimulator
		{9579A6E1-6586-4AAE-818B-EE56F29A0B92}.Ad-Hoc|iPhone.ActiveCfg = Ad-Hoc|iPhone
		{9579A6E1-6586-4AAE-818B-EE56F29A0B92}.Ad-Hoc|iPhone.Build.0 = Ad-Hoc|iPhone
		{9579A6E1-6586-4AAE-818B-EE56F29A0B92}.AppStore|iPhone.ActiveCfg = AppStore|iPhone
		{9579A6E1-6586-4AAE-818B-EE56F29A0B92}.AppStore|iPhone.Build.0 = AppStore|iPhone
		{9579A6E1-6586-4AAE-818B-EE56F29A0B92}.Debug|iPhone.ActiveCfg = Debug|iPhone
		{9579A6E1-6586-4AAE-818B-EE56F29A0B92}.Debug|iPhone.Build.0 = Debug|iPhone
		{9579A6E1-6586-4AAE-818B-EE56F29A0B92}.Debug|iPhoneSimulator.ActiveCfg = Debug|iPhoneSimulator
		{9579A6E1-6586-4AAE-818B-EE56F29A0B92}.Debug|iPhoneSimulator.Build.0 = Debug|iPhoneSimulator
		{9579A6E1-6586-4AAE-818B-EE56F29A0B92}.Release|iPhone.ActiveCfg = Release|iPhone
		{9579A6E1-6586-4AAE-818B-EE56F29A0B92}.Release|iPhone.Build.0 = Release|iPhone
		{9579A6E1-6586-4AAE-818B-EE56F29A0B92}.Release|iPhoneSimulator.ActiveCfg = Release|iPhoneSimulator
		{9579A6E1-6586-4AAE-818B-EE56F29A0B92}.Release|iPhoneSimulator.Build.0 = Release|iPhoneSimulator
		{CFDD49BB-0408-468D-88EE-748AD2A59028}.Ad-Hoc|iPhone.ActiveCfg = Ad-Hoc|iPhone
		{CFDD49BB-0408-468D-88EE-748AD2A59028}.Ad-Hoc|iPhone.Build.0 = Ad-Hoc|iPhone
		{CFDD49BB-0408-468D-88EE-748AD2A59028}.AppStore|iPhone.ActiveCfg = AppStore|iPhone
		{CFDD49BB-0408-468D-88EE-748AD2A59028}.AppStore|iPhone.Build.0 = AppStore|iPhone
		{CFDD49BB-0408-468D-88EE-748AD2A59028}.Debug|iPhone.ActiveCfg = Debug|iPhone
		{CFDD49BB-0408-468D-88EE-748AD2A59028}.Debug|iPhone.Build.0 = Debug|iPhone
		{CFDD49BB-0408-468D-88EE-748AD2A59028}.Debug|iPhoneSimulator.ActiveCfg = Debug|iPhoneSimulator
		{CFDD49BB-0408-468D-88EE-748AD2A59028}.Debug|iPhoneSimulator.Build.0 = Debug|iPhoneSimulator
		{CFDD49BB-0408-468D-88EE-748AD2A59028}.Release|iPhone.ActiveCfg = Release|iPhone
		{CFDD49BB-0408-468D-88EE-748AD2A59028}.Release|iPhone.Build.0 = Release|iPhone
		{CFDD49BB-0408-468D-88EE-748AD2A59028}.Release|iPhoneSimulator.ActiveCfg = Release|iPhoneSimulator
		{CFDD49BB-0408-468D-88EE-748AD2A59028}.Release|iPhoneSimulator.Build.0 = Release|iPhoneSimulator
		{D2A26363-BAF4-4EC4-823F-2C3674010A70}.Ad-Hoc|iPhone.ActiveCfg = Ad-Hoc|iPhone
		{D2A26363-BAF4-4EC4-823F-2C3674010A70}.Ad-Hoc|iPhone.Build.0 = Ad-Hoc|iPhone
		{D2A26363-BAF4-4EC4-823F-2C3674010A70}.AppStore|iPhone.ActiveCfg = AppStore|iPhone
		{D2A26363-BAF4-4EC4-823F-2C3674010A70}.AppStore|iPhone.Build.0 = AppStore|iPhone
		{D2A26363-BAF4-4EC4-823F-2C3674010A70}.Debug|iPhone.ActiveCfg = Debug|iPhone
		{D2A26363-BAF4-4EC4-823F-2C3674010A70}.Debug|iPhone.Build.0 = Debug|iPhone
		{D2A26363-BAF4-4EC4-823F-2C3674010A70}.Debug|iPhoneSimulator.ActiveCfg = Debug|iPhoneSimulator
		{D2A26363-BAF4-4EC4-823F-2C3674010A70}.Debug|iPhoneSimulator.Build.0 = Debug|iPhoneSimulator
		{D2A26363-BAF4-4EC4-823F-2C3674010A70}.Release|iPhone.ActiveCfg = Release|iPhone
		{D2A26363-BAF4-4EC4-823F-2C3674010A70}.Release|iPhone.Build.0 = Release|iPhone
		{D2A26363-BAF4-4EC4-823F-2C3674010A70}.Release|iPhoneSimulator.ActiveCfg = Release|iPhoneSimulator
		{D2A26363-BAF4-4EC4-823F-2C3674010A70}.Release|iPhoneSimulator.Build.0 = Release|iPhoneSimulator
		{DAAAAEEA-2FA9-4962-A38B-0E2AE20C8C16}.Debug|iPhone.ActiveCfg = Debug|iPhone
		{DAAAAEEA-2FA9-4962-A38B-0E2AE20C8C16}.Debug|iPhone.Build.0 = Debug|iPhone
		{DAAAAEEA-2FA9-4962-A38B-0E2AE20C8C16}.Debug|iPhoneSimulator.ActiveCfg = Debug|iPhoneSimulator
		{DAAAAEEA-2FA9-4962-A38B-0E2AE20C8C16}.Debug|iPhoneSimulator.Build.0 = Debug|iPhoneSimulator
		{DAAAAEEA-2FA9-4962-A38B-0E2AE20C8C16}.Release|iPhone.ActiveCfg = Release|iPhone
		{DAAAAEEA-2FA9-4962-A38B-0E2AE20C8C16}.Release|iPhone.Build.0 = Release|iPhone
		{DAAAAEEA-2FA9-4962-A38B-0E2AE20C8C16}.Release|iPhoneSimulator.ActiveCfg = Release|iPhoneSimulator
		{DAAAAEEA-2FA9-4962-A38B-0E2AE20C8C16}.Release|iPhoneSimulator.Build.0 = Release|iPhoneSimulator
		{E088A689-D42B-4D1B-B308-6DF4CE962B1E}.Ad-Hoc|iPhone.ActiveCfg = Ad-Hoc|iPhone
		{E088A689-D42B-4D1B-B308-6DF4CE962B1E}.Ad-Hoc|iPhone.Build.0 = Ad-Hoc|iPhone
		{E088A689-D42B-4D1B-B308-6DF4CE962B1E}.AppStore|iPhone.ActiveCfg = AppStore|iPhone
		{E088A689-D42B-4D1B-B308-6DF4CE962B1E}.AppStore|iPhone.Build.0 = AppStore|iPhone
		{E088A689-D42B-4D1B-B308-6DF4CE962B1E}.Debug|iPhone.ActiveCfg = Debug|iPhone
		{E088A689-D42B-4D1B-B308-6DF4CE962B1E}.Debug|iPhone.Build.0 = Debug|iPhone
		{E088A689-D42B-4D1B-B308-6DF4CE962B1E}.Debug|iPhoneSimulator.ActiveCfg = Debug|iPhoneSimulator
		{E088A689-D42B-4D1B-B308-6DF4CE962B1E}.Debug|iPhoneSimulator.Build.0 = Debug|iPhoneSimulator
		{E088A689-D42B-4D1B-B308-6DF4CE962B1E}.Release|iPhone.ActiveCfg = Release|iPhone
		{E088A689-D42B-4D1B-B308-6DF4CE962B1E}.Release|iPhone.Build.0 = Release|iPhone
		{E088A689-D42B-4D1B-B308-6DF4CE962B1E}.Release|iPhoneSimulator.ActiveCfg = Release|iPhoneSimulator
		{E088A689-D42B-4D1B-B308-6DF4CE962B1E}.Release|iPhoneSimulator.Build.0 = Release|iPhoneSimulator
		{E75CDAFC-135E-40B8-A38A-84FBC518951D}.Ad-Hoc|iPhone.ActiveCfg = Ad-Hoc|iPhone
		{E75CDAFC-135E-40B8-A38A-84FBC518951D}.Ad-Hoc|iPhone.Build.0 = Ad-Hoc|iPhone
		{E75CDAFC-135E-40B8-A38A-84FBC518951D}.AppStore|iPhone.ActiveCfg = AppStore|iPhone
		{E75CDAFC-135E-40B8-A38A-84FBC518951D}.AppStore|iPhone.Build.0 = AppStore|iPhone
		{E75CDAFC-135E-40B8-A38A-84FBC518951D}.Debug|iPhone.ActiveCfg = Debug|iPhone
		{E75CDAFC-135E-40B8-A38A-84FBC518951D}.Debug|iPhone.Build.0 = Debug|iPhone
		{E75CDAFC-135E-40B8-A38A-84FBC518951D}.Debug|iPhoneSimulator.ActiveCfg = Debug|iPhoneSimulator
		{E75CDAFC-135E-40B8-A38A-84FBC518951D}.Debug|iPhoneSimulator.Build.0 = Debug|iPhoneSimulator
		{E75CDAFC-135E-40B8-A38A-84FBC518951D}.Release|iPhone.ActiveCfg = Release|iPhone
		{E75CDAFC-135E-40B8-A38A-84FBC518951D}.Release|iPhone.Build.0 = Release|iPhone
		{E75CDAFC-135E-40B8-A38A-84FBC518951D}.Release|iPhoneSimulator.ActiveCfg = Release|iPhoneSimulator
		{E75CDAFC-135E-40B8-A38A-84FBC518951D}.Release|iPhoneSimulator.Build.0 = Release|iPhoneSimulator
		{E9029A4E-8215-4456-A840-EAF9DA9AE855}.Debug|iPhone.ActiveCfg = Debug|iPhone
		{E9029A4E-8215-4456-A840-EAF9DA9AE855}.Debug|iPhone.Build.0 = Debug|iPhone
		{E9029A4E-8215-4456-A840-EAF9DA9AE855}.Debug|iPhoneSimulator.ActiveCfg = Debug|iPhoneSimulator
		{E9029A4E-8215-4456-A840-EAF9DA9AE855}.Debug|iPhoneSimulator.Build.0 = Debug|iPhoneSimulator
		{E9029A4E-8215-4456-A840-EAF9DA9AE855}.Release|iPhone.ActiveCfg = Release|iPhone
		{E9029A4E-8215-4456-A840-EAF9DA9AE855}.Release|iPhone.Build.0 = Release|iPhone
		{E9029A4E-8215-4456-A840-EAF9DA9AE855}.Release|iPhoneSimulator.ActiveCfg = Release|iPhoneSimulator
		{E9029A4E-8215-4456-A840-EAF9DA9AE855}.Release|iPhoneSimulator.Build.0 = Release|iPhoneSimulator
		{FE288A7F-7080-4D6C-A6D2-79F5647B02D6}.Debug|iPhone.ActiveCfg = Debug|iPhone
		{FE288A7F-7080-4D6C-A6D2-79F5647B02D6}.Debug|iPhone.Build.0 = Debug|iPhone
		{FE288A7F-7080-4D6C-A6D2-79F5647B02D6}.Debug|iPhoneSimulator.ActiveCfg = Debug|iPhoneSimulator
		{FE288A7F-7080-4D6C-A6D2-79F5647B02D6}.Debug|iPhoneSimulator.Build.0 = Debug|iPhoneSimulator
		{FE288A7F-7080-4D6C-A6D2-79F5647B02D6}.Release|iPhone.ActiveCfg = Release|iPhone
		{FE288A7F-7080-4D6C-A6D2-79F5647B02D6}.Release|iPhone.Build.0 = Release|iPhone
		{FE288A7F-7080-4D6C-A6D2-79F5647B02D6}.Release|iPhoneSimulator.ActiveCfg = Release|iPhoneSimulator
		{FE288A7F-7080-4D6C-A6D2-79F5647B02D6}.Release|iPhoneSimulator.Build.0 = Release|iPhoneSimulator
	EndGlobalSection
	GlobalSection(MonoDevelopProperties) = preSolution
		StartupItem = DetailStoryboardSample\DetailStoryboardSample.csproj
	EndGlobalSection
EndGlobal
